<?xml version="1.0" encoding="utf-8"?>
<Project ToolsVersion="4.0" xmlns="http://schemas.microsoft.com/developer/msbuild/2003">
  <ItemGroup>
    <Filter Include="Source Files">
      <UniqueIdentifier>{4FC737F1-C7A5-4376-A066-2A32D752A2FF}</UniqueIdentifier>
      <Extensions>cpp;c;cc;cxx;c++;cppm;ixx;def;odl;idl;hpj;bat;asm;asmx</Extensions>
    </Filter>
    <Filter Include="Header Files">
      <UniqueIdentifier>{93995380-89BD-4b04-88EB-625FBE52EBFB}</UniqueIdentifier>
      <Extensions>h;hh;hpp;hxx;h++;hm;inl;inc;ipp;xsd</Extensions>
    </Filter>
    <Filter Include="Resource Files">
      <UniqueIdentifier>{67DA6AB6-F800-4c08-8B7A-83BB121AAD01}</UniqueIdentifier>
      <Extensions>rc;ico;cur;bmp;dlg;rc2;rct;bin;rgs;gif;jpg;jpeg;jpe;resx;tiff;tif;png;wav;mfcribbon-ms</Extensions>
    </Filter>
  </ItemGroup>
  <ItemGroup>
    <ClInclude Include="src\rage\rmptfx\PtxDomain.h">
      <Filter>Header Files</Filter>
    </ClInclude>
    <ClInclude Include="src\rage\rmptfx\PtxEffectRule.h">
      <Filter>Header Files</Filter>
    </ClInclude>
    <ClInclude Include="src\rage\rmptfx\PtxEmitRule.h">
      <Filter>Header Files</Filter>
    </ClInclude>
    <ClInclude Include="src\rage\rmptfx\PtxEvent.h">
      <Filter>Header Files</Filter>
    </ClInclude>
    <ClInclude Include="src\rage\rmptfx\PtxKeyFrame.h">
      <Filter>Header Files</Filter>
    </ClInclude>
    <ClInclude Include="src\rage\rmptfx\PtxRule.h">
      <Filter>Header Files</Filter>
    </ClInclude>
    <ClInclude Include="src\rage\rmptfx\PtxRulePropList.h">
      <Filter>Header Files</Filter>
    </ClInclude>
    <ClInclude Include="src\rage\rmptfx\PtxTimeline.h">
      <Filter>Header Files</Filter>
    </ClInclude>
    <ClInclude Include="src\rage\rmptfx\PtxList.h">
      <Filter>Header Files</Filter>
    </ClInclude>
    <ClInclude Include="src\rage\rmptfx\RmPtfxShader.h">
      <Filter>Header Files</Filter>
    </ClInclude>
    <ClInclude Include="src\rage\rmptfx\RmPtfxShaderVar.h">
      <Filter>Header Files</Filter>
    </ClInclude>
    <ClInclude Include="src\rage\Array.h">
      <Filter>Header Files</Filter>
    </ClInclude>
    <ClInclude Include="src\rage\Base.h">
      <Filter>Header Files</Filter>
    </ClInclude>
    <ClInclude Include="src\rage\DatOwner.h">
      <Filter>Header Files</Filter>
    </ClInclude>
    <ClInclude Include="src\rage\Dictionary.h">
      <Filter>Header Files</Filter>
    </ClInclude>
    <ClInclude Include="src\rage\grmodel\Drawable.h">
      <Filter>Header Files</Filter>
    </ClInclude>
    <ClInclude Include="src\rage\grcore\fvf.h">
      <Filter>Header Files</Filter>
    </ClInclude>
    <ClInclude Include="src\rage\grcore\Geometry.h">
      <Filter>Header Files</Filter>
    </ClInclude>
    <ClInclude Include="src\rage\grcore\IndexBuffer.h">
      <Filter>Header Files</Filter>
    </ClInclude>
    <ClInclude Include="src\rage\math\Matrix.h">
      <Filter>Header Files</Filter>
    </ClInclude>
    <ClInclude Include="src\rage\grmodel\Model.h">
      <Filter>Header Files</Filter>
    </ClInclude>
    <ClInclude Include="src\rage\ReferenceCounter.h">
      <Filter>Header Files</Filter>
    </ClInclude>
    <ClInclude Include="src\rage\Resource.h">
      <Filter>Header Files</Filter>
    </ClInclude>
    <ClInclude Include="src\rage\grmodel\Shader.h">
      <Filter>Header Files</Filter>
    </ClInclude>
    <ClInclude Include="src\rage\grmodel\Skeleton.h">
      <Filter>Header Files</Filter>
    </ClInclude>
    <ClInclude Include="src\rage\grcore\Texture.h">
      <Filter>Header Files</Filter>
    </ClInclude>
    <ClInclude Include="src\rage\math\Vector.h">
      <Filter>Header Files</Filter>
    </ClInclude>
    <ClInclude Include="src\rage\grcore\VertexBuffer.h">
      <Filter>Header Files</Filter>
    </ClInclude>
    <ClInclude Include="src\rage\grcore\VertexDecl.h">
      <Filter>Header Files</Filter>
    </ClInclude>
    <ClInclude Include="src\DDS.h">
      <Filter>Header Files</Filter>
    </ClInclude>
    <ClInclude Include="src\Log.h">
      <Filter>Header Files</Filter>
    </ClInclude>
    <ClInclude Include="src\ResourceLoader.h">
      <Filter>Header Files</Filter>
    </ClInclude>
    <ClInclude Include="src\RSC5Layout.h">
      <Filter>Header Files</Filter>
    </ClInclude>
    <ClInclude Include="src\Utils.h">
      <Filter>Header Files</Filter>
    </ClInclude>
    <ClInclude Include="src\rage\rmptfx\PtxRenderState.h">
      <Filter>Header Files</Filter>
    </ClInclude>
    <ClInclude Include="src\rage\rmptfx\PtxTriggerEvent.h">
      <Filter>Header Files</Filter>
    </ClInclude>
    <ClInclude Include="src\rage\rmptfx\PtxEvolution.h">
      <Filter>Header Files</Filter>
    </ClInclude>
    <ClInclude Include="src\rage\StringHash.h">
      <Filter>Header Files</Filter>
    </ClInclude>
    <ClInclude Include="src\rage\grmodel\ShaderGroup.h">
      <Filter>Header Files</Filter>
    </ClInclude>
    <ClInclude Include="src\rage\grcore\TextureReference.h">
      <Filter>Header Files</Filter>
    </ClInclude>
    <ClInclude Include="src\rage\DatRef.h">
      <Filter>Header Files</Filter>
    </ClInclude>
    <ClInclude Include="src\rage\2DEffects.h">
      <Filter>Header Files</Filter>
    </ClInclude>
  </ItemGroup>
  <ItemGroup>
    <ClCompile Include="src\rage\rmptfx\PtxRule.cpp">
      <Filter>Source Files</Filter>
    </ClCompile>
    <ClCompile Include="src\rage\rmptfx\RmPtfxShaderVar.cpp">
      <Filter>Source Files</Filter>
    </ClCompile>
    <ClCompile Include="src\rage\Resource.cpp">
      <Filter>Source Files</Filter>
    </ClCompile>
    <ClCompile Include="src\rage\grcore\Texture.cpp">
      <Filter>Source Files</Filter>
    </ClCompile>
    <ClCompile Include="src\main.cpp">
      <Filter>Source Files</Filter>
    </ClCompile>
    <ClCompile Include="src\ResourceLoader.cpp">
      <Filter>Source Files</Filter>
    </ClCompile>
    <ClCompile Include="src\RSC5Layout.cpp">
      <Filter>Source Files</Filter>
    </ClCompile>
    <ClCompile Include="src\rage\rmptfx\PtxDomain.cpp">
      <Filter>Source Files</Filter>
    </ClCompile>
    <ClCompile Include="src\rage\rmptfx\PtxEmitRule.cpp">
      <Filter>Source Files</Filter>
    </ClCompile>
    <ClCompile Include="src\rage\rmptfx\PtxEvent.cpp">
      <Filter>Source Files</Filter>
    </ClCompile>
    <ClCompile Include="src\rage\rmptfx\PtxEffectRule.cpp">
      <Filter>Source Files</Filter>
    </ClCompile>
    <ClCompile Include="src\rage\rmptfx\PtxEvolution.cpp">
      <Filter>Source Files</Filter>
    </ClCompile>
  </ItemGroup>
  <ItemGroup>
    <None Include="deps\zlib\bin\zlib.vcxproj" />
  </ItemGroup>
</Project>